
Microsoft Visual Studio Solution File, Format Version 12.00
# Visual Studio 15
VisualStudioVersion = 15.0.27130.2010
MinimumVisualStudioVersion = 10.0.40219.1
Project("{FAE04EC0-301F-11D3-BF4B-00C04F79EFBC}") = "DaemonProcess", "DaemonProcess\DaemonProcess.csproj", "{C8A72FC9-B11A-42E0-A3F8-5705F31C9843}"
EndProject
Project("{FAE04EC0-301F-11D3-BF4B-00C04F79EFBC}") = "DaemonProcessTest", "DaemonProcessTest\DaemonProcessTest.csproj", "{F6EB68AC-3192-41CE-BE44-78D48FB80F4E}"
EndProject
Project("{FAE04EC0-301F-11D3-BF4B-00C04F79EFBC}") = "ProcessWatcher", "ProcessWatcher\ProcessWatcher.csproj", "{9312A24E-8876-4076-9BEA-E5BC43187A2A}"
EndProject
Global
	GlobalSection(SolutionConfigurationPlatforms) = preSolution
		Debug|Any CPU = Debug|Any CPU
		Release|Any CPU = Release|Any CPU
	EndGlobalSection
	GlobalSection(ProjectConfigurationPlatforms) = postSolution
		{C8A72FC9-B11A-42E0-A3F8-5705F31C9843}.Debug|Any CPU.ActiveCfg = Debug|Any CPU
		{C8A72FC9-B11A-42E0-A3F8-5705F31C9843}.Debug|Any CPU.Build.0 = Debug|Any CPU
		{C8A72FC9-B11A-42E0-A3F8-5705F31C9843}.Release|Any CPU.ActiveCfg = Release|Any CPU
		{C8A72FC9-B11A-42E0-A3F8-5705F31C9843}.Release|Any CPU.Build.0 = Release|Any CPU
		{F6EB68AC-3192-41CE-BE44-78D48FB80F4E}.Debug|Any CPU.ActiveCfg = Debug|Any CPU
		{F6EB68AC-3192-41CE-BE44-78D48FB80F4E}.Debug|Any CPU.Build.0 = Debug|Any CPU
		{F6EB68AC-3192-41CE-BE44-78D48FB80F4E}.Release|Any CPU.ActiveCfg = Release|Any CPU
		{F6EB68AC-3192-41CE-BE44-78D48FB80F4E}.Release|Any CPU.Build.0 = Release|Any CPU
		{9312A24E-8876-4076-9BEA-E5BC43187A2A}.Debug|Any CPU.ActiveCfg = Debug|Any CPU
		{9312A24E-8876-4076-9BEA-E5BC43187A2A}.Debug|Any CPU.Build.0 = Debug|Any CPU
		{9312A24E-8876-4076-9BEA-E5BC43187A2A}.Release|Any CPU.ActiveCfg = Release|Any CPU
		{9312A24E-8876-4076-9BEA-E5BC43187A2A}.Release|Any CPU.Build.0 = Release|Any CPU
	EndGlobalSection
	GlobalSection(SolutionProperties) = preSolution
		HideSolutionNode = FALSE
	EndGlobalSection
	GlobalSection(ExtensibilityGlobals) = postSolution
		SolutionGuid = {9F27851F-209E-4138-8044-CD2D2B297148}
	EndGlobalSection
EndGlobal
